
Microsoft Visual Studio Solution File, Format Version 12.00
# Visual Studio Version 17
VisualStudioVersion = 17.1.32328.378
MinimumVisualStudioVersion = 10.0.40219.1
Project("{8BC9CEB8-8B4A-11D0-8D11-00A0C91BC942}") = "应用程序开发测试", "应用程序开发测试.vcxproj", "{6B5F9B9C-4849-41B5-A3A1-1D0F9E831433}"
EndProject
Global
	GlobalSection(SolutionConfigurationPlatforms) = preSolution
		Debug|x64 = Debug|x64
		Debug|x86 = Debug|x86
		Release|x64 = Release|x64
		Release|x86 = Release|x86
	EndGlobalSection
	GlobalSection(ProjectConfigurationPlatforms) = postSolution
		{6B5F9B9C-4849-41B5-A3A1-1D0F9E831433}.Debug|x64.ActiveCfg = Debug|x64
		{6B5F9B9C-4849-41B5-A3A1-1D0F9E831433}.Debug|x64.Build.0 = Debug|x64
		{6B5F9B9C-4849-41B5-A3A1-1D0F9E831433}.Debug|x86.ActiveCfg = Debug|Win32
		{6B5F9B9C-4849-41B5-A3A1-1D0F9E831433}.Debug|x86.Build.0 = Debug|Win32
		{6B5F9B9C-4849-41B5-A3A1-1D0F9E831433}.Release|x64.ActiveCfg = Release|x64
		{6B5F9B9C-4849-41B5-A3A1-1D0F9E831433}.Release|x64.Build.0 = Release|x64
		{6B5F9B9C-4849-41B5-A3A1-1D0F9E831433}.Release|x86.ActiveCfg = Release|Win32
		{6B5F9B9C-4849-41B5-A3A1-1D0F9E831433}.Release|x86.Build.0 = Release|Win32
	EndGlobalSection
	GlobalSection(SolutionProperties) = preSolution
		HideSolutionNode = FALSE
	EndGlobalSection
	GlobalSection(ExtensibilityGlobals) = postSolution
		SolutionGuid = {2CE82781-619A-47A9-9452-41D73EE50ED5}
	EndGlobalSection
EndGlobal
